
Microsoft Visual Studio Solution File, Format Version 12.00
# Visual Studio Version 16
VisualStudioVersion = 16.0.32228.343
MinimumVisualStudioVersion = 10.0.40219.1
Project("{FAE04EC0-301F-11D3-BF4B-00C04F79EFBC}") = "WebAppNishio", "WebAppNishio\WebAppNishio.csproj", "{FD8266D0-D0A7-422A-8B60-C7287CF37C05}"
EndProject
Global
	GlobalSection(SolutionConfigurationPlatforms) = preSolution
		Debug|Any CPU = Debug|Any CPU
		Release|Any CPU = Release|Any CPU
	EndGlobalSection
	GlobalSection(ProjectConfigurationPlatforms) = postSolution
		{FD8266D0-D0A7-422A-8B60-C7287CF37C05}.Debug|Any CPU.ActiveCfg = Debug|Any CPU
		{FD8266D0-D0A7-422A-8B60-C7287CF37C05}.Debug|Any CPU.Build.0 = Debug|Any CPU
		{FD8266D0-D0A7-422A-8B60-C7287CF37C05}.Release|Any CPU.ActiveCfg = Release|Any CPU
		{FD8266D0-D0A7-422A-8B60-C7287CF37C05}.Release|Any CPU.Build.0 = Release|Any CPU
	EndGlobalSection
	GlobalSection(SolutionProperties) = preSolution
		HideSolutionNode = FALSE
	EndGlobalSection
	GlobalSection(ExtensibilityGlobals) = postSolution
		SolutionGuid = {C4086F7F-B6C8-4BD1-B8E0-3CB0D9E6A12D}
	EndGlobalSection
EndGlobal
